
Microsoft Visual Studio Solution File, Format Version 12.00
# Visual Studio Version 17
VisualStudioVersion = 17.8.34330.188
MinimumVisualStudioVersion = 10.0.40219.1
Project("{FAE04EC0-301F-11D3-BF4B-00C04F79EFBC}") = "ThinkhpUserAPI", "ThinkhpUserAPI.csproj", "{336B99AE-F5E9-4F3F-AAD1-4D7D1AE64644}"
EndProject
Project("{FAE04EC0-301F-11D3-BF4B-00C04F79EFBC}") = "ThinkhpUserAPI.Models", "..\ThinkhpUserAPI.Models\ThinkhpUserAPI.Models.csproj", "{7D57D3F3-FE7E-42DE-8E7D-7B29A64663FB}"
EndProject
Project("{FAE04EC0-301F-11D3-BF4B-00C04F79EFBC}") = "ThinkhpUserAPI.Repository", "..\ThinkhpUserAPI.Repository\ThinkhpUserAPI.Repository.csproj", "{5235FBB8-2F2E-40A5-8BCF-A956EEA0547F}"
EndProject
Global
	GlobalSection(SolutionConfigurationPlatforms) = preSolution
		Debug|Any CPU = Debug|Any CPU
		Release|Any CPU = Release|Any CPU
	EndGlobalSection
	GlobalSection(ProjectConfigurationPlatforms) = postSolution
		{336B99AE-F5E9-4F3F-AAD1-4D7D1AE64644}.Debug|Any CPU.ActiveCfg = Debug|Any CPU
		{336B99AE-F5E9-4F3F-AAD1-4D7D1AE64644}.Debug|Any CPU.Build.0 = Debug|Any CPU
		{336B99AE-F5E9-4F3F-AAD1-4D7D1AE64644}.Release|Any CPU.ActiveCfg = Release|Any CPU
		{336B99AE-F5E9-4F3F-AAD1-4D7D1AE64644}.Release|Any CPU.Build.0 = Release|Any CPU
		{7D57D3F3-FE7E-42DE-8E7D-7B29A64663FB}.Debug|Any CPU.ActiveCfg = Debug|Any CPU
		{7D57D3F3-FE7E-42DE-8E7D-7B29A64663FB}.Debug|Any CPU.Build.0 = Debug|Any CPU
		{7D57D3F3-FE7E-42DE-8E7D-7B29A64663FB}.Release|Any CPU.ActiveCfg = Release|Any CPU
		{7D57D3F3-FE7E-42DE-8E7D-7B29A64663FB}.Release|Any CPU.Build.0 = Release|Any CPU
		{5235FBB8-2F2E-40A5-8BCF-A956EEA0547F}.Debug|Any CPU.ActiveCfg = Debug|Any CPU
		{5235FBB8-2F2E-40A5-8BCF-A956EEA0547F}.Debug|Any CPU.Build.0 = Debug|Any CPU
		{5235FBB8-2F2E-40A5-8BCF-A956EEA0547F}.Release|Any CPU.ActiveCfg = Release|Any CPU
		{5235FBB8-2F2E-40A5-8BCF-A956EEA0547F}.Release|Any CPU.Build.0 = Release|Any CPU
	EndGlobalSection
	GlobalSection(SolutionProperties) = preSolution
		HideSolutionNode = FALSE
	EndGlobalSection
	GlobalSection(ExtensibilityGlobals) = postSolution
		SolutionGuid = {3A6C0DB9-FF52-4A46-A4CB-649518D5119A}
	EndGlobalSection
EndGlobal
